#MicroXplorer Configuration settings - do not modify
CORTEX_M7.CPU_DCache=Enabled
CORTEX_M7.CPU_ICache=Enabled
CORTEX_M7.IPParameters=CPU_ICache,CPU_DCache,PREFETCH_ENABLE
CORTEX_M7.PREFETCH_ENABLE=1
Dma.I2C1_RX.0.Direction=DMA_PERIPH_TO_MEMORY
Dma.I2C1_RX.0.FIFOMode=DMA_FIFOMODE_DISABLE
Dma.I2C1_RX.0.Instance=DMA1_Stream5
Dma.I2C1_RX.0.MemDataAlignment=DMA_MDATAALIGN_BYTE
Dma.I2C1_RX.0.MemInc=DMA_MINC_ENABLE
Dma.I2C1_RX.0.Mode=DMA_NORMAL
Dma.I2C1_RX.0.PeriphDataAlignment=DMA_PDATAALIGN_BYTE
Dma.I2C1_RX.0.PeriphInc=DMA_PINC_DISABLE
Dma.I2C1_RX.0.Priority=DMA_PRIORITY_LOW
Dma.I2C1_RX.0.RequestParameters=Instance,Direction,PeriphInc,MemInc,PeriphDataAlignment,MemDataAlignment,Mode,Priority,FIFOMode
Dma.I2C1_TX.1.Direction=DMA_MEMORY_TO_PERIPH
Dma.I2C1_TX.1.FIFOMode=DMA_FIFOMODE_DISABLE
Dma.I2C1_TX.1.Instance=DMA1_Stream6
Dma.I2C1_TX.1.MemDataAlignment=DMA_MDATAALIGN_BYTE
Dma.I2C1_TX.1.MemInc=DMA_MINC_ENABLE
Dma.I2C1_TX.1.Mode=DMA_NORMAL
Dma.I2C1_TX.1.PeriphDataAlignment=DMA_PDATAALIGN_BYTE
Dma.I2C1_TX.1.PeriphInc=DMA_PINC_DISABLE
Dma.I2C1_TX.1.Priority=DMA_PRIORITY_LOW
Dma.I2C1_TX.1.RequestParameters=Instance,Direction,PeriphInc,MemInc,PeriphDataAlignment,MemDataAlignment,Mode,Priority,FIFOMode
Dma.Request0=I2C1_RX
Dma.Request1=I2C1_TX
Dma.Request2=SPI2_RX
Dma.Request3=SPI2_TX
Dma.Request4=UART5_RX
Dma.Request5=UART5_TX
Dma.Request6=TIM1_CH1
Dma.Request7=TIM1_CH3
Dma.RequestsNb=8
Dma.SPI2_RX.2.Direction=DMA_PERIPH_TO_MEMORY
Dma.SPI2_RX.2.FIFOMode=DMA_FIFOMODE_DISABLE
Dma.SPI2_RX.2.Instance=DMA1_Stream1
Dma.SPI2_RX.2.MemDataAlignment=DMA_MDATAALIGN_BYTE
Dma.SPI2_RX.2.MemInc=DMA_MINC_ENABLE
Dma.SPI2_RX.2.Mode=DMA_NORMAL
Dma.SPI2_RX.2.PeriphDataAlignment=DMA_PDATAALIGN_BYTE
Dma.SPI2_RX.2.PeriphInc=DMA_PINC_DISABLE
Dma.SPI2_RX.2.Priority=DMA_PRIORITY_LOW
Dma.SPI2_RX.2.RequestParameters=Instance,Direction,PeriphInc,MemInc,PeriphDataAlignment,MemDataAlignment,Mode,Priority,FIFOMode
Dma.SPI2_TX.3.Direction=DMA_MEMORY_TO_PERIPH
Dma.SPI2_TX.3.FIFOMode=DMA_FIFOMODE_DISABLE
Dma.SPI2_TX.3.Instance=DMA1_Stream4
Dma.SPI2_TX.3.MemDataAlignment=DMA_MDATAALIGN_BYTE
Dma.SPI2_TX.3.MemInc=DMA_MINC_ENABLE
Dma.SPI2_TX.3.Mode=DMA_NORMAL
Dma.SPI2_TX.3.PeriphDataAlignment=DMA_PDATAALIGN_BYTE
Dma.SPI2_TX.3.PeriphInc=DMA_PINC_DISABLE
Dma.SPI2_TX.3.Priority=DMA_PRIORITY_LOW
Dma.SPI2_TX.3.RequestParameters=Instance,Direction,PeriphInc,MemInc,PeriphDataAlignment,MemDataAlignment,Mode,Priority,FIFOMode
Dma.TIM1_CH1.6.Direction=DMA_MEMORY_TO_PERIPH
Dma.TIM1_CH1.6.FIFOMode=DMA_FIFOMODE_DISABLE
Dma.TIM1_CH1.6.Instance=DMA2_Stream1
Dma.TIM1_CH1.6.MemDataAlignment=DMA_MDATAALIGN_HALFWORD
Dma.TIM1_CH1.6.MemInc=DMA_MINC_ENABLE
Dma.TIM1_CH1.6.Mode=DMA_NORMAL
Dma.TIM1_CH1.6.PeriphDataAlignment=DMA_PDATAALIGN_HALFWORD
Dma.TIM1_CH1.6.PeriphInc=DMA_PINC_DISABLE
Dma.TIM1_CH1.6.Priority=DMA_PRIORITY_VERY_HIGH
Dma.TIM1_CH1.6.RequestParameters=Instance,Direction,PeriphInc,MemInc,PeriphDataAlignment,MemDataAlignment,Mode,Priority,FIFOMode
Dma.TIM1_CH3.7.Direction=DMA_MEMORY_TO_PERIPH
Dma.TIM1_CH3.7.FIFOMode=DMA_FIFOMODE_DISABLE
Dma.TIM1_CH3.7.Instance=DMA2_Stream6
Dma.TIM1_CH3.7.MemDataAlignment=DMA_MDATAALIGN_HALFWORD
Dma.TIM1_CH3.7.MemInc=DMA_MINC_ENABLE
Dma.TIM1_CH3.7.Mode=DMA_NORMAL
Dma.TIM1_CH3.7.PeriphDataAlignment=DMA_PDATAALIGN_HALFWORD
Dma.TIM1_CH3.7.PeriphInc=DMA_PINC_DISABLE
Dma.TIM1_CH3.7.Priority=DMA_PRIORITY_VERY_HIGH
Dma.TIM1_CH3.7.RequestParameters=Instance,Direction,PeriphInc,MemInc,PeriphDataAlignment,MemDataAlignment,Mode,Priority,FIFOMode
Dma.UART5_RX.4.Direction=DMA_PERIPH_TO_MEMORY
Dma.UART5_RX.4.FIFOMode=DMA_FIFOMODE_DISABLE
Dma.UART5_RX.4.Instance=DMA1_Stream0
Dma.UART5_RX.4.MemDataAlignment=DMA_MDATAALIGN_BYTE
Dma.UART5_RX.4.MemInc=DMA_MINC_ENABLE
Dma.UART5_RX.4.Mode=DMA_NORMAL
Dma.UART5_RX.4.PeriphDataAlignment=DMA_PDATAALIGN_BYTE
Dma.UART5_RX.4.PeriphInc=DMA_PINC_DISABLE
Dma.UART5_RX.4.Priority=DMA_PRIORITY_LOW
Dma.UART5_RX.4.RequestParameters=Instance,Direction,PeriphInc,MemInc,PeriphDataAlignment,MemDataAlignment,Mode,Priority,FIFOMode
Dma.UART5_TX.5.Direction=DMA_MEMORY_TO_PERIPH
Dma.UART5_TX.5.FIFOMode=DMA_FIFOMODE_DISABLE
Dma.UART5_TX.5.Instance=DMA1_Stream7
Dma.UART5_TX.5.MemDataAlignment=DMA_MDATAALIGN_BYTE
Dma.UART5_TX.5.MemInc=DMA_MINC_ENABLE
Dma.UART5_TX.5.Mode=DMA_NORMAL
Dma.UART5_TX.5.PeriphDataAlignment=DMA_PDATAALIGN_BYTE
Dma.UART5_TX.5.PeriphInc=DMA_PINC_DISABLE
Dma.UART5_TX.5.Priority=DMA_PRIORITY_LOW
Dma.UART5_TX.5.RequestParameters=Instance,Direction,PeriphInc,MemInc,PeriphDataAlignment,MemDataAlignment,Mode,Priority,FIFOMode
ETH.IPParameters=MediaInterface,MACAddr,PhyAddress
ETH.MACAddr=00\:00\:00\:00\:00\:00
ETH.MediaInterface=ETH_MEDIA_INTERFACE_RMII
ETH.PhyAddress=0
File.Version=6
KeepUserPlacement=false
LWIP.CHECKSUM_BY_HARDWARE=1
LWIP.DHCP_DEBUG=LWIP_DBG_ON
LWIP.ICMP_DEBUG=LWIP_DBG_ON
LWIP.IPParameters=CHECKSUM_BY_HARDWARE,ICMP_DEBUG,IP_DEBUG,TCP_DEBUG,UDP_DEBUG,DHCP_DEBUG,MEMP_NUM_UDP_PCB,MEM_SIZE
LWIP.IP_DEBUG=LWIP_DBG_ON
LWIP.MEMP_NUM_UDP_PCB=37
LWIP.MEM_SIZE=4096
LWIP.TCP_DEBUG=LWIP_DBG_ON
LWIP.UDP_DEBUG=LWIP_DBG_ON
LWIP.Version=v2.0.3_Cube
Mcu.Family=STM32F7
Mcu.IP0=CORTEX_M7
Mcu.IP1=DAC
Mcu.IP10=TIM1
Mcu.IP11=TIM2
Mcu.IP12=TIM5
Mcu.IP13=UART5
Mcu.IP14=USB_DEVICE
Mcu.IP15=USB_OTG_FS
Mcu.IP2=DMA
Mcu.IP3=ETH
Mcu.IP4=I2C1
Mcu.IP5=LWIP
Mcu.IP6=NVIC
Mcu.IP7=RCC
Mcu.IP8=SPI2
Mcu.IP9=SYS
Mcu.IPNb=16
Mcu.Name=STM32F765B(G-I)Tx
Mcu.Package=LQFP208
Mcu.Pin0=PE2
Mcu.Pin1=PE3
Mcu.Pin10=PF0
Mcu.Pin100=PG5
Mcu.Pin101=PG6
Mcu.Pin102=PG7
Mcu.Pin103=PG8
Mcu.Pin104=PC6
Mcu.Pin105=PC7
Mcu.Pin106=PC8
Mcu.Pin107=PC9
Mcu.Pin108=PA8
Mcu.Pin109=PA9
Mcu.Pin11=PF1
Mcu.Pin110=PA10
Mcu.Pin111=PA11
Mcu.Pin112=PA12
Mcu.Pin113=PA13
Mcu.Pin114=PH13
Mcu.Pin115=PH14
Mcu.Pin116=PH15
Mcu.Pin117=PI0
Mcu.Pin118=PI1
Mcu.Pin119=PI2
Mcu.Pin12=PF2
Mcu.Pin120=PI3
Mcu.Pin121=PA14
Mcu.Pin122=PA15
Mcu.Pin123=PC10
Mcu.Pin124=PC11
Mcu.Pin125=PC12
Mcu.Pin126=PD0
Mcu.Pin127=PD1
Mcu.Pin128=PD2
Mcu.Pin129=PD3
Mcu.Pin13=PI12
Mcu.Pin130=PD4
Mcu.Pin131=PD5
Mcu.Pin132=PD6
Mcu.Pin133=PD7
Mcu.Pin134=PJ12
Mcu.Pin135=PJ13
Mcu.Pin136=PJ14
Mcu.Pin137=PJ15
Mcu.Pin138=PG9
Mcu.Pin139=PG10
Mcu.Pin14=PI13
Mcu.Pin140=PG11
Mcu.Pin141=PG12
Mcu.Pin142=PG13
Mcu.Pin143=PG14
Mcu.Pin144=PK3
Mcu.Pin145=PK4
Mcu.Pin146=PK5
Mcu.Pin147=PK6
Mcu.Pin148=PK7
Mcu.Pin149=PG15
Mcu.Pin15=PI14
Mcu.Pin150=PB3
Mcu.Pin151=PB4
Mcu.Pin152=PB5
Mcu.Pin153=PB6
Mcu.Pin154=PB7
Mcu.Pin155=PB8
Mcu.Pin156=PB9
Mcu.Pin157=PE0
Mcu.Pin158=PE1
Mcu.Pin159=PI4
Mcu.Pin16=PF3
Mcu.Pin160=PI5
Mcu.Pin161=PI6
Mcu.Pin162=PI7
Mcu.Pin163=VP_LWIP_VS_Enabled
Mcu.Pin164=VP_SYS_VS_Systick
Mcu.Pin165=VP_TIM1_VS_ClockSourceINT
Mcu.Pin166=VP_TIM1_VS_no_output1
Mcu.Pin167=VP_TIM1_VS_no_output3
Mcu.Pin168=VP_TIM2_VS_ControllerModeTrigger
Mcu.Pin169=VP_TIM2_VS_ClockSourceINT
Mcu.Pin17=PF4
Mcu.Pin170=VP_TIM5_VS_ClockSourceINT
Mcu.Pin171=VP_USB_DEVICE_VS_USB_DEVICE_CDC_FS
Mcu.Pin18=PF5
Mcu.Pin19=PF6
Mcu.Pin2=PE4
Mcu.Pin20=PF7
Mcu.Pin21=PF8
Mcu.Pin22=PF9
Mcu.Pin23=PF10
Mcu.Pin24=PH0/OSC_IN
Mcu.Pin25=PH1/OSC_OUT
Mcu.Pin26=PC0
Mcu.Pin27=PC1
Mcu.Pin28=PC2
Mcu.Pin29=PC3
Mcu.Pin3=PE5
Mcu.Pin30=PA0/WKUP
Mcu.Pin31=PA1
Mcu.Pin32=PA2
Mcu.Pin33=PH2
Mcu.Pin34=PH3
Mcu.Pin35=PH4
Mcu.Pin36=PH5
Mcu.Pin37=PA3
Mcu.Pin38=PA4
Mcu.Pin39=PA5
Mcu.Pin4=PE6
Mcu.Pin40=PA7
Mcu.Pin41=PC4
Mcu.Pin42=PC5
Mcu.Pin43=PB0
Mcu.Pin44=PB1
Mcu.Pin45=PB2
Mcu.Pin46=PI15
Mcu.Pin47=PJ0
Mcu.Pin48=PJ1
Mcu.Pin49=PJ2
Mcu.Pin5=PI8
Mcu.Pin50=PJ3
Mcu.Pin51=PJ4
Mcu.Pin52=PF11
Mcu.Pin53=PF12
Mcu.Pin54=PF13
Mcu.Pin55=PF14
Mcu.Pin56=PF15
Mcu.Pin57=PG0
Mcu.Pin58=PG1
Mcu.Pin59=PE7
Mcu.Pin6=PC13
Mcu.Pin60=PE8
Mcu.Pin61=PE9
Mcu.Pin62=PE10
Mcu.Pin63=PE11
Mcu.Pin64=PE12
Mcu.Pin65=PE13
Mcu.Pin66=PE14
Mcu.Pin67=PE15
Mcu.Pin68=PB10
Mcu.Pin69=PB11
Mcu.Pin7=PI9
Mcu.Pin70=PJ5
Mcu.Pin71=PH8
Mcu.Pin72=PH9
Mcu.Pin73=PH10
Mcu.Pin74=PH11
Mcu.Pin75=PH12
Mcu.Pin76=PB12
Mcu.Pin77=PB13
Mcu.Pin78=PB14
Mcu.Pin79=PB15
Mcu.Pin8=PI10
Mcu.Pin80=PD8
Mcu.Pin81=PD9
Mcu.Pin82=PD10
Mcu.Pin83=PD11
Mcu.Pin84=PD12
Mcu.Pin85=PD13
Mcu.Pin86=PD14
Mcu.Pin87=PD15
Mcu.Pin88=PJ6
Mcu.Pin89=PJ7
Mcu.Pin9=PI11
Mcu.Pin90=PJ8
Mcu.Pin91=PJ9
Mcu.Pin92=PJ10
Mcu.Pin93=PJ11
Mcu.Pin94=PK0
Mcu.Pin95=PK1
Mcu.Pin96=PK2
Mcu.Pin97=PG2
Mcu.Pin98=PG3
Mcu.Pin99=PG4
Mcu.PinsNb=172
Mcu.ThirdPartyNb=0
Mcu.UserConstants=
Mcu.UserName=STM32F765BITx
MxCube.Version=4.26.1
MxDb.Version=DB.4.0.261
NVIC.BusFault_IRQn=true\:0\:0\:false\:false\:true\:false
NVIC.DMA1_Stream0_IRQn=true\:0\:0\:false\:false\:true\:false
NVIC.DMA1_Stream1_IRQn=true\:0\:0\:false\:false\:true\:false
NVIC.DMA1_Stream4_IRQn=true\:0\:0\:false\:false\:true\:false
NVIC.DMA1_Stream5_IRQn=true\:0\:0\:false\:false\:true\:false
NVIC.DMA1_Stream6_IRQn=true\:0\:0\:false\:false\:true\:false
NVIC.DMA1_Stream7_IRQn=true\:0\:0\:false\:false\:true\:false
NVIC.DMA2_Stream1_IRQn=true\:0\:0\:false\:false\:true\:false
NVIC.DMA2_Stream6_IRQn=true\:0\:0\:false\:false\:true\:false
NVIC.DebugMonitor_IRQn=true\:0\:0\:false\:false\:true\:false
NVIC.ETH_IRQn=true\:0\:0\:false\:false\:true\:true
NVIC.EXTI0_IRQn=true\:0\:0\:false\:false\:true\:true
NVIC.EXTI15_10_IRQn=true\:0\:0\:false\:false\:true\:true
NVIC.HardFault_IRQn=true\:0\:0\:false\:false\:true\:false
NVIC.I2C1_ER_IRQn=true\:0\:0\:false\:false\:true\:true
NVIC.I2C1_EV_IRQn=true\:0\:0\:false\:false\:true\:true
NVIC.MemoryManagement_IRQn=true\:0\:0\:false\:false\:true\:false
NVIC.NonMaskableInt_IRQn=true\:0\:0\:false\:false\:true\:false
NVIC.OTG_FS_IRQn=true\:0\:0\:false\:false\:true\:false
NVIC.PendSV_IRQn=true\:0\:0\:false\:false\:true\:false
NVIC.PriorityGroup=NVIC_PRIORITYGROUP_4
NVIC.SPI2_IRQn=true\:0\:0\:false\:false\:true\:true
NVIC.SVCall_IRQn=true\:0\:0\:false\:false\:true\:false
NVIC.SysTick_IRQn=true\:0\:0\:false\:false\:true\:false
NVIC.TIM2_IRQn=true\:0\:0\:false\:false\:true\:true
NVIC.TIM5_IRQn=true\:0\:0\:false\:false\:true\:true
NVIC.UART5_IRQn=true\:0\:0\:false\:false\:true\:true
NVIC.UsageFault_IRQn=true\:0\:0\:false\:false\:true\:false
PA0/WKUP.GPIOParameters=GPIO_Label
PA0/WKUP.GPIO_Label=SSYNC
PA0/WKUP.Signal=S_TIM2_CH1_ETR
PA1.GPIOParameters=GPIO_Label
PA1.GPIO_Label=ETH_REF_CLK
PA1.Locked=true
PA1.Mode=RMII
PA1.Signal=ETH_REF_CLK
PA10.GPIOParameters=GPIO_Label
PA10.GPIO_Label=USB_FS_ID
PA10.Locked=true
PA10.Signal=USB_OTG_FS_ID
PA11.GPIOParameters=GPIO_Label
PA11.GPIO_Label=USB_FS_DN
PA11.Locked=true
PA11.Mode=Device_Only
PA11.Signal=USB_OTG_FS_DM
PA12.GPIOParameters=GPIO_Label
PA12.GPIO_Label=USB_FS_DP
PA12.Locked=true
PA12.Mode=Device_Only
PA12.Signal=USB_OTG_FS_DP
PA13.Locked=true
PA13.Mode=JTAG_4_pins
PA13.Signal=SYS_JTMS-SWDIO
PA14.Locked=true
PA14.Mode=JTAG_4_pins
PA14.Signal=SYS_JTCK-SWCLK
PA15.Mode=JTAG_4_pins
PA15.Signal=SYS_JTDI
PA2.GPIOParameters=GPIO_Label
PA2.GPIO_Label=ETH_MDIO
PA2.Locked=true
PA2.Mode=RMII
PA2.Signal=ETH_MDIO
PA3.GPIOParameters=GPIO_Label
PA3.GPIO_Label=MSYNC
PA3.Signal=S_TIM5_CH4
PA4.GPIOParameters=GPIO_Label,GPIO_Mode
PA4.GPIO_Label=DRV_VREF1
PA4.GPIO_Mode=GPIO_MODE_ANALOG
PA4.Locked=true
PA4.Signal=COMP_DAC1_group
PA5.GPIOParameters=GPIO_Label
PA5.GPIO_Label=DRV_VREF2
PA5.Locked=true
PA5.Signal=COMP_DAC2_group
PA7.GPIOParameters=GPIO_Label
PA7.GPIO_Label=ETH_CRS_DV
PA7.Locked=true
PA7.Mode=RMII
PA7.Signal=ETH_CRS_DV
PA8.GPIOParameters=GPIO_Label
PA8.GPIO_Label=USB_FS_SOF
PA8.Mode=Activate_SOF_FS
PA8.Signal=USB_OTG_FS_SOF
PA9.GPIOParameters=GPIO_Label
PA9.GPIO_Label=USB_FS_VBUS
PA9.Locked=true
PA9.Mode=Activate_VBUS
PA9.Signal=USB_OTG_FS_VBUS
PB0.GPIOParameters=GPIO_PuPd,GPIO_Label
PB0.GPIO_Label=BRD_LED1_G
PB0.GPIO_PuPd=GPIO_PULLDOWN
PB0.Locked=true
PB0.Signal=GPIO_Output
PB1.GPIOParameters=GPIO_PuPd,GPIO_Label
PB1.GPIO_Label=BRD_LED2_R
PB1.GPIO_PuPd=GPIO_PULLDOWN
PB1.Locked=true
PB1.Signal=GPIO_Output
PB10.GPIOParameters=GPIO_Label
PB10.GPIO_Label=SPI_SCK
PB10.Locked=true
PB10.Mode=Full_Duplex_Master
PB10.Signal=SPI2_SCK
PB11.GPIOParameters=GPIO_PuPd,GPIO_Label
PB11.GPIO_Label=ETH_TX_EN
PB11.GPIO_PuPd=GPIO_NOPULL
PB11.Locked=true
PB11.Mode=RMII
PB11.Signal=ETH_TX_EN
PB12.GPIOParameters=GPIO_PuPd,GPIO_Label
PB12.GPIO_Label=ETH_TXD0
PB12.GPIO_PuPd=GPIO_NOPULL
PB12.Locked=true
PB12.Mode=RMII
PB12.Signal=ETH_TXD0
PB13.GPIOParameters=GPIO_Label
PB13.GPIO_Label=ETH_TXD1
PB13.Locked=true
PB13.Mode=RMII
PB13.Signal=ETH_TXD1
PB14.GPIOParameters=GPIO_PuPd,GPIO_Label
PB14.GPIO_Label=BRD_LED1_R
PB14.GPIO_PuPd=GPIO_PULLDOWN
PB14.Locked=true
PB14.Signal=GPIO_Output
PB15.GPIOParameters=GPIO_PuPd,GPIO_Label
PB15.GPIO_Label=BRD_LED2_B
PB15.GPIO_PuPd=GPIO_PULLDOWN
PB15.Locked=true
PB15.Signal=GPIO_Output
PB2.GPIOParameters=GPIO_PuPd,GPIO_Label
PB2.GPIO_Label=BRD_LED2_G
PB2.GPIO_PuPd=GPIO_PULLDOWN
PB2.Locked=true
PB2.Signal=GPIO_Output
PB3.Locked=true
PB3.Mode=JTAG_4_pins
PB3.Signal=SYS_JTDO-SWO
PB4.GPIOParameters=GPIO_Label
PB4.GPIO_Label=SPI_NSS
PB4.Locked=true
PB4.Mode=NSS_Signal_Hard_Output
PB4.Signal=SPI2_NSS
PB5.GPIOParameters=GPIO_Label
PB5.GPIO_Label=UART_RX
PB5.Locked=true
PB5.Mode=Asynchronous
PB5.Signal=UART5_RX
PB6.GPIOParameters=GPIO_Label
PB6.GPIO_Label=UART_TX
PB6.Locked=true
PB6.Mode=Asynchronous
PB6.Signal=UART5_TX
PB7.GPIOParameters=GPIO_PuPd,GPIO_Label
PB7.GPIO_Label=BRD_LED1_B
PB7.GPIO_PuPd=GPIO_PULLDOWN
PB7.Locked=true
PB7.Signal=GPIO_Output
PB8.GPIOParameters=GPIO_Label
PB8.GPIO_Label=I2C_SCL
PB8.Locked=true
PB8.Mode=I2C
PB8.Signal=I2C1_SCL
PB9.GPIOParameters=GPIO_Label
PB9.GPIO_Label=I2C_SDA
PB9.Locked=true
PB9.Mode=I2C
PB9.Signal=I2C1_SDA
PC0.GPIOParameters=GPIO_Label,GPIO_ModeDefaultEXTI
PC0.GPIO_Label=BRD_USER_BUTTON
PC0.GPIO_ModeDefaultEXTI=GPIO_MODE_IT_FALLING
PC0.Locked=true
PC0.Signal=GPXTI0
PC1.GPIOParameters=GPIO_Label
PC1.GPIO_Label=ETH_MDC
PC1.Locked=true
PC1.Mode=RMII
PC1.Signal=ETH_MDC
PC10.GPIOParameters=GPIO_PuPd,GPIO_Label,GPIO_ModeDefaultEXTI
PC10.GPIO_Label=DRV_nFAULT_A
PC10.GPIO_ModeDefaultEXTI=GPIO_MODE_IT_FALLING
PC10.GPIO_PuPd=GPIO_PULLUP
PC10.Locked=true
PC10.Signal=GPXTI10
PC11.GPIOParameters=GPIO_PuPd,GPIO_Label,GPIO_ModeDefaultEXTI
PC11.GPIO_Label=DRV_nFAULT_B
PC11.GPIO_ModeDefaultEXTI=GPIO_MODE_IT_FALLING
PC11.GPIO_PuPd=GPIO_PULLUP
PC11.Locked=true
PC11.Signal=GPXTI11
PC12.GPIOParameters=GPIO_PuPd,GPIO_Label,GPIO_ModeDefaultEXTI
PC12.GPIO_Label=DRV_nFAULT_C
PC12.GPIO_ModeDefaultEXTI=GPIO_MODE_IT_FALLING
PC12.GPIO_PuPd=GPIO_PULLUP
PC12.Locked=true
PC12.Signal=GPXTI12
PC13.GPIOParameters=GPIO_PuPd,GPIO_Label,GPIO_ModeDefaultEXTI
PC13.GPIO_Label=DRV_nFAULT_D
PC13.GPIO_ModeDefaultEXTI=GPIO_MODE_IT_FALLING
PC13.GPIO_PuPd=GPIO_PULLUP
PC13.Locked=true
PC13.Signal=GPXTI13
PC2.GPIOParameters=GPIO_Label
PC2.GPIO_Label=SPI_MISO
PC2.Locked=true
PC2.Mode=Full_Duplex_Master
PC2.Signal=SPI2_MISO
PC3.GPIOParameters=GPIO_Label
PC3.GPIO_Label=SPI_MOSI
PC3.Locked=true
PC3.Mode=Full_Duplex_Master
PC3.Signal=SPI2_MOSI
PC4.GPIOParameters=GPIO_Label
PC4.GPIO_Label=ETH_RXD0
PC4.Locked=true
PC4.Mode=RMII
PC4.Signal=ETH_RXD0
PC5.GPIOParameters=GPIO_Label
PC5.GPIO_Label=ETH_RXD1
PC5.Locked=true
PC5.Mode=RMII
PC5.Signal=ETH_RXD1
PC6.GPIOParameters=PinState,GPIO_PuPd,GPIO_Label
PC6.GPIO_Label=LED_nOE_A
PC6.GPIO_PuPd=GPIO_PULLUP
PC6.Locked=true
PC6.PinState=GPIO_PIN_SET
PC6.Signal=GPIO_Output
PC7.GPIOParameters=PinState,GPIO_PuPd,GPIO_Label
PC7.GPIO_Label=LED_nOE_B
PC7.GPIO_PuPd=GPIO_PULLUP
PC7.Locked=true
PC7.PinState=GPIO_PIN_SET
PC7.Signal=GPIO_Output
PC8.GPIOParameters=PinState,GPIO_PuPd,GPIO_Label
PC8.GPIO_Label=LED_nOE_C
PC8.GPIO_PuPd=GPIO_PULLUP
PC8.Locked=true
PC8.PinState=GPIO_PIN_SET
PC8.Signal=GPIO_Output
PC9.GPIOParameters=PinState,GPIO_PuPd,GPIO_Label
PC9.GPIO_Label=LED_nOE_D
PC9.GPIO_PuPd=GPIO_PULLUP
PC9.Locked=true
PC9.PinState=GPIO_PIN_SET
PC9.Signal=GPIO_Output
PCC.Checker=false
PCC.Line=STM32F7x5
PCC.MCU=STM32F765B(G-I)Tx
PCC.PartNumber=STM32F765BITx
PCC.Seq0=0
PCC.Series=STM32F7
PCC.Temperature=25
PCC.Vdd=3.3
PD0.GPIOParameters=GPIO_Speed,GPIO_Label
PD0.GPIO_Label=DRV_DIR_A_0
PD0.GPIO_Speed=GPIO_SPEED_FREQ_MEDIUM
PD0.Locked=true
PD0.Signal=GPIO_Output
PD1.GPIOParameters=GPIO_Speed,GPIO_Label
PD1.GPIO_Label=DRV_STP_A_0
PD1.GPIO_Speed=GPIO_SPEED_FREQ_MEDIUM
PD1.Locked=true
PD1.Signal=GPIO_Output
PD10.GPIOParameters=GPIO_Speed,GPIO_Label
PD10.GPIO_Label=DRV_DIR_A_5
PD10.GPIO_Speed=GPIO_SPEED_FREQ_MEDIUM
PD10.Locked=true
PD10.Signal=GPIO_Output
PD11.GPIOParameters=GPIO_Speed,GPIO_Label
PD11.GPIO_Label=DRV_STP_A_5
PD11.GPIO_Speed=GPIO_SPEED_FREQ_MEDIUM
PD11.Locked=true
PD11.Signal=GPIO_Output
PD12.GPIOParameters=GPIO_Speed,GPIO_Label
PD12.GPIO_Label=DRV_DIR_A_6
PD12.GPIO_Speed=GPIO_SPEED_FREQ_MEDIUM
PD12.Locked=true
PD12.Signal=GPIO_Output
PD13.GPIOParameters=GPIO_Speed,GPIO_Label
PD13.GPIO_Label=DRV_STP_A_6
PD13.GPIO_Speed=GPIO_SPEED_FREQ_MEDIUM
PD13.Locked=true
PD13.Signal=GPIO_Output
PD14.GPIOParameters=GPIO_Speed,GPIO_Label
PD14.GPIO_Label=DRV_DIR_A_7
PD14.GPIO_Speed=GPIO_SPEED_FREQ_MEDIUM
PD14.Locked=true
PD14.Signal=GPIO_Output
PD15.GPIOParameters=GPIO_Speed,GPIO_Label
PD15.GPIO_Label=DRV_STP_A_7
PD15.GPIO_Speed=GPIO_SPEED_FREQ_MEDIUM
PD15.Locked=true
PD15.Signal=GPIO_Output
PD2.GPIOParameters=GPIO_Speed,GPIO_Label
PD2.GPIO_Label=DRV_DIR_A_1
PD2.GPIO_Speed=GPIO_SPEED_FREQ_MEDIUM
PD2.Locked=true
PD2.Signal=GPIO_Output
PD3.GPIOParameters=GPIO_Speed,GPIO_Label
PD3.GPIO_Label=DRV_STP_A_1
PD3.GPIO_Speed=GPIO_SPEED_FREQ_MEDIUM
PD3.Locked=true
PD3.Signal=GPIO_Output
PD4.GPIOParameters=GPIO_Speed,GPIO_Label
PD4.GPIO_Label=DRV_DIR_A_2
PD4.GPIO_Speed=GPIO_SPEED_FREQ_MEDIUM
PD4.Locked=true
PD4.Signal=GPIO_Output
PD5.GPIOParameters=GPIO_Speed,GPIO_PuPd,GPIO_Label,GPIO_ModeDefaultOutputPP
PD5.GPIO_Label=DRV_STP_A_2
PD5.GPIO_ModeDefaultOutputPP=GPIO_MODE_OUTPUT_PP
PD5.GPIO_PuPd=GPIO_NOPULL
PD5.GPIO_Speed=GPIO_SPEED_FREQ_MEDIUM
PD5.Locked=true
PD5.Signal=GPIO_Output
PD6.GPIOParameters=GPIO_Speed,GPIO_Label
PD6.GPIO_Label=DRV_DIR_A_3
PD6.GPIO_Speed=GPIO_SPEED_FREQ_MEDIUM
PD6.Locked=true
PD6.Signal=GPIO_Output
PD7.GPIOParameters=GPIO_Speed,GPIO_Label
PD7.GPIO_Label=DRV_STP_A_3
PD7.GPIO_Speed=GPIO_SPEED_FREQ_MEDIUM
PD7.Locked=true
PD7.Signal=GPIO_Output
PD8.GPIOParameters=GPIO_Speed,GPIO_Label
PD8.GPIO_Label=DRV_DIR_A_4
PD8.GPIO_Speed=GPIO_SPEED_FREQ_MEDIUM
PD8.Locked=true
PD8.Signal=GPIO_Output
PD9.GPIOParameters=GPIO_Speed,GPIO_Label
PD9.GPIO_Label=DRV_STP_A_4
PD9.GPIO_Speed=GPIO_SPEED_FREQ_MEDIUM
PD9.Locked=true
PD9.Signal=GPIO_Output
PE0.GPIOParameters=GPIO_Speed,GPIO_Label
PE0.GPIO_Label=DRV_DIR_B_0
PE0.GPIO_Speed=GPIO_SPEED_FREQ_MEDIUM
PE0.Locked=true
PE0.Signal=GPIO_Output
PE1.GPIOParameters=GPIO_Speed,GPIO_Label
PE1.GPIO_Label=DRV_STP_B_0
PE1.GPIO_Speed=GPIO_SPEED_FREQ_MEDIUM
PE1.Locked=true
PE1.Signal=GPIO_Output
PE10.GPIOParameters=GPIO_Speed,GPIO_Label
PE10.GPIO_Label=DRV_DIR_B_5
PE10.GPIO_Speed=GPIO_SPEED_FREQ_MEDIUM
PE10.Locked=true
PE10.Signal=GPIO_Output
PE11.GPIOParameters=GPIO_Speed,GPIO_Label
PE11.GPIO_Label=DRV_STP_B_5
PE11.GPIO_Speed=GPIO_SPEED_FREQ_MEDIUM
PE11.Locked=true
PE11.Signal=GPIO_Output
PE12.GPIOParameters=GPIO_Speed,GPIO_Label
PE12.GPIO_Label=DRV_DIR_B_6
PE12.GPIO_Speed=GPIO_SPEED_FREQ_MEDIUM
PE12.Locked=true
PE12.Signal=GPIO_Output
PE13.GPIOParameters=GPIO_Speed,GPIO_Label
PE13.GPIO_Label=DRV_STP_B_6
PE13.GPIO_Speed=GPIO_SPEED_FREQ_MEDIUM
PE13.Locked=true
PE13.Signal=GPIO_Output
PE14.GPIOParameters=GPIO_Speed,GPIO_Label
PE14.GPIO_Label=DRV_DIR_B_7
PE14.GPIO_Speed=GPIO_SPEED_FREQ_MEDIUM
PE14.Locked=true
PE14.Signal=GPIO_Output
PE15.GPIOParameters=GPIO_Speed,GPIO_Label
PE15.GPIO_Label=DRV_STP_B_7
PE15.GPIO_Speed=GPIO_SPEED_FREQ_MEDIUM
PE15.Locked=true
PE15.Signal=GPIO_Output
PE2.GPIOParameters=GPIO_Speed,GPIO_Label
PE2.GPIO_Label=DRV_DIR_B_1
PE2.GPIO_Speed=GPIO_SPEED_FREQ_MEDIUM
PE2.Locked=true
PE2.Signal=GPIO_Output
PE3.GPIOParameters=GPIO_Speed,GPIO_Label
PE3.GPIO_Label=DRV_STP_B_1
PE3.GPIO_Speed=GPIO_SPEED_FREQ_MEDIUM
PE3.Locked=true
PE3.Signal=GPIO_Output
PE4.GPIOParameters=GPIO_Speed,GPIO_Label
PE4.GPIO_Label=DRV_DIR_B_2
PE4.GPIO_Speed=GPIO_SPEED_FREQ_MEDIUM
PE4.Locked=true
PE4.Signal=GPIO_Output
PE5.GPIOParameters=GPIO_Speed,GPIO_Label
PE5.GPIO_Label=DRV_STP_B_2
PE5.GPIO_Speed=GPIO_SPEED_FREQ_MEDIUM
PE5.Locked=true
PE5.Signal=GPIO_Output
PE6.GPIOParameters=GPIO_Speed,GPIO_Label
PE6.GPIO_Label=DRV_DIR_B_3
PE6.GPIO_Speed=GPIO_SPEED_FREQ_MEDIUM
PE6.Locked=true
PE6.Signal=GPIO_Output
PE7.GPIOParameters=GPIO_Speed,GPIO_Label
PE7.GPIO_Label=DRV_STP_B_3
PE7.GPIO_Speed=GPIO_SPEED_FREQ_MEDIUM
PE7.Locked=true
PE7.Signal=GPIO_Output
PE8.GPIOParameters=GPIO_Speed,GPIO_Label
PE8.GPIO_Label=DRV_DIR_B_4
PE8.GPIO_Speed=GPIO_SPEED_FREQ_MEDIUM
PE8.Locked=true
PE8.Signal=GPIO_Output
PE9.GPIOParameters=GPIO_Speed,GPIO_Label
PE9.GPIO_Label=DRV_STP_B_4
PE9.GPIO_Speed=GPIO_SPEED_FREQ_MEDIUM
PE9.Locked=true
PE9.Signal=GPIO_Output
PF0.GPIOParameters=GPIO_Speed,GPIO_Label
PF0.GPIO_Label=DRV_DIR_C_0
PF0.GPIO_Speed=GPIO_SPEED_FREQ_MEDIUM
PF0.Locked=true
PF0.Signal=GPIO_Output
PF1.GPIOParameters=GPIO_Speed,GPIO_Label
PF1.GPIO_Label=DRV_STP_C_0
PF1.GPIO_Speed=GPIO_SPEED_FREQ_MEDIUM
PF1.Locked=true
PF1.Signal=GPIO_Output
PF10.GPIOParameters=GPIO_Speed,GPIO_Label
PF10.GPIO_Label=DRV_DIR_C_5
PF10.GPIO_Speed=GPIO_SPEED_FREQ_MEDIUM
PF10.Locked=true
PF10.Signal=GPIO_Output
PF11.GPIOParameters=GPIO_Speed,GPIO_Label
PF11.GPIO_Label=DRV_STP_C_5
PF11.GPIO_Speed=GPIO_SPEED_FREQ_MEDIUM
PF11.Locked=true
PF11.Signal=GPIO_Output
PF12.GPIOParameters=GPIO_Speed,GPIO_Label
PF12.GPIO_Label=DRV_DIR_C_6
PF12.GPIO_Speed=GPIO_SPEED_FREQ_MEDIUM
PF12.Locked=true
PF12.Signal=GPIO_Output
PF13.GPIOParameters=GPIO_Speed,GPIO_Label
PF13.GPIO_Label=DRV_STP_C_6
PF13.GPIO_Speed=GPIO_SPEED_FREQ_MEDIUM
PF13.Locked=true
PF13.Signal=GPIO_Output
PF14.GPIOParameters=GPIO_Speed,GPIO_Label
PF14.GPIO_Label=DRV_DIR_C_7
PF14.GPIO_Speed=GPIO_SPEED_FREQ_MEDIUM
PF14.Locked=true
PF14.Signal=GPIO_Output
PF15.GPIOParameters=GPIO_Speed,GPIO_Label
PF15.GPIO_Label=DRV_STP_C_7
PF15.GPIO_Speed=GPIO_SPEED_FREQ_MEDIUM
PF15.Locked=true
PF15.Signal=GPIO_Output
PF2.GPIOParameters=GPIO_Speed,GPIO_Label
PF2.GPIO_Label=DRV_DIR_C_1
PF2.GPIO_Speed=GPIO_SPEED_FREQ_MEDIUM
PF2.Locked=true
PF2.Signal=GPIO_Output
PF3.GPIOParameters=GPIO_Speed,GPIO_Label
PF3.GPIO_Label=DRV_STP_C_1
PF3.GPIO_Speed=GPIO_SPEED_FREQ_MEDIUM
PF3.Locked=true
PF3.Signal=GPIO_Output
PF4.GPIOParameters=GPIO_Speed,GPIO_Label
PF4.GPIO_Label=DRV_DIR_C_2
PF4.GPIO_Speed=GPIO_SPEED_FREQ_MEDIUM
PF4.Locked=true
PF4.Signal=GPIO_Output
PF5.GPIOParameters=GPIO_Speed,GPIO_Label
PF5.GPIO_Label=DRV_STP_C_2
PF5.GPIO_Speed=GPIO_SPEED_FREQ_MEDIUM
PF5.Locked=true
PF5.Signal=GPIO_Output
PF6.GPIOParameters=GPIO_Speed,GPIO_Label
PF6.GPIO_Label=DRV_DIR_C_3
PF6.GPIO_Speed=GPIO_SPEED_FREQ_MEDIUM
PF6.Locked=true
PF6.Signal=GPIO_Output
PF7.GPIOParameters=GPIO_Speed,GPIO_Label
PF7.GPIO_Label=DRV_STP_C_3
PF7.GPIO_Speed=GPIO_SPEED_FREQ_MEDIUM
PF7.Locked=true
PF7.Signal=GPIO_Output
PF8.GPIOParameters=GPIO_Speed,GPIO_Label
PF8.GPIO_Label=DRV_DIR_C_4
PF8.GPIO_Speed=GPIO_SPEED_FREQ_MEDIUM
PF8.Locked=true
PF8.Signal=GPIO_Output
PF9.GPIOParameters=GPIO_Speed,GPIO_Label
PF9.GPIO_Label=DRV_STP_C_4
PF9.GPIO_Speed=GPIO_SPEED_FREQ_MEDIUM
PF9.Locked=true
PF9.Signal=GPIO_Output
PG0.GPIOParameters=GPIO_Speed,GPIO_Label
PG0.GPIO_Label=DRV_DIR_D_0
PG0.GPIO_Speed=GPIO_SPEED_FREQ_MEDIUM
PG0.Locked=true
PG0.Signal=GPIO_Output
PG1.GPIOParameters=GPIO_Speed,GPIO_Label
PG1.GPIO_Label=DRV_STP_D_0
PG1.GPIO_Speed=GPIO_SPEED_FREQ_MEDIUM
PG1.Locked=true
PG1.Signal=GPIO_Output
PG10.GPIOParameters=GPIO_Speed,GPIO_Label
PG10.GPIO_Label=DRV_DIR_D_5
PG10.GPIO_Speed=GPIO_SPEED_FREQ_MEDIUM
PG10.Locked=true
PG10.Signal=GPIO_Output
PG11.GPIOParameters=GPIO_Speed,GPIO_Label
PG11.GPIO_Label=DRV_STP_D_5
PG11.GPIO_Speed=GPIO_SPEED_FREQ_MEDIUM
PG11.Locked=true
PG11.Signal=GPIO_Output
PG12.GPIOParameters=GPIO_Speed,GPIO_Label
PG12.GPIO_Label=DRV_DIR_D_6
PG12.GPIO_Speed=GPIO_SPEED_FREQ_MEDIUM
PG12.Locked=true
PG12.Signal=GPIO_Output
PG13.GPIOParameters=GPIO_Speed,GPIO_Label
PG13.GPIO_Label=DRV_STP_D_6
PG13.GPIO_Speed=GPIO_SPEED_FREQ_MEDIUM
PG13.Locked=true
PG13.Signal=GPIO_Output
PG14.GPIOParameters=GPIO_Speed,GPIO_Label
PG14.GPIO_Label=DRV_DIR_D_7
PG14.GPIO_Speed=GPIO_SPEED_FREQ_MEDIUM
PG14.Locked=true
PG14.Signal=GPIO_Output
PG15.GPIOParameters=GPIO_Speed,GPIO_Label
PG15.GPIO_Label=DRV_STP_D_7
PG15.GPIO_Speed=GPIO_SPEED_FREQ_MEDIUM
PG15.Locked=true
PG15.Signal=GPIO_Output
PG2.GPIOParameters=GPIO_Speed,GPIO_Label
PG2.GPIO_Label=DRV_DIR_D_1
PG2.GPIO_Speed=GPIO_SPEED_FREQ_MEDIUM
PG2.Locked=true
PG2.Signal=GPIO_Output
PG3.GPIOParameters=GPIO_Speed,GPIO_Label
PG3.GPIO_Label=DRV_STP_D_1
PG3.GPIO_Speed=GPIO_SPEED_FREQ_MEDIUM
PG3.Locked=true
PG3.Signal=GPIO_Output
PG4.GPIOParameters=GPIO_Speed,GPIO_Label
PG4.GPIO_Label=DRV_DIR_D_2
PG4.GPIO_Speed=GPIO_SPEED_FREQ_MEDIUM
PG4.Locked=true
PG4.Signal=GPIO_Output
PG5.GPIOParameters=GPIO_Speed,GPIO_Label
PG5.GPIO_Label=DRV_STP_D_2
PG5.GPIO_Speed=GPIO_SPEED_FREQ_MEDIUM
PG5.Locked=true
PG5.Signal=GPIO_Output
PG6.GPIOParameters=GPIO_Speed,GPIO_Label
PG6.GPIO_Label=DRV_DIR_D_3
PG6.GPIO_Speed=GPIO_SPEED_FREQ_MEDIUM
PG6.Locked=true
PG6.Signal=GPIO_Output
PG7.GPIOParameters=GPIO_Speed,GPIO_Label
PG7.GPIO_Label=DRV_STP_D_3
PG7.GPIO_Speed=GPIO_SPEED_FREQ_MEDIUM
PG7.Locked=true
PG7.Signal=GPIO_Output
PG8.GPIOParameters=GPIO_Speed,GPIO_Label
PG8.GPIO_Label=DRV_DIR_D_4
PG8.GPIO_Speed=GPIO_SPEED_FREQ_MEDIUM
PG8.Locked=true
PG8.Signal=GPIO_Output
PG9.GPIOParameters=GPIO_Speed,GPIO_Label
PG9.GPIO_Label=DRV_STP_D_4
PG9.GPIO_Speed=GPIO_SPEED_FREQ_MEDIUM
PG9.Locked=true
PG9.Signal=GPIO_Output
PH0/OSC_IN.GPIOParameters=GPIO_Label
PH0/OSC_IN.GPIO_Label=RCC_OSC_IN
PH0/OSC_IN.Locked=true
PH0/OSC_IN.Mode=HSE-External-Oscillator
PH0/OSC_IN.Signal=RCC_OSC_IN
PH1/OSC_OUT.GPIOParameters=GPIO_Label
PH1/OSC_OUT.GPIO_Label=RCC_OSC_OUT
PH1/OSC_OUT.Locked=true
PH1/OSC_OUT.Mode=HSE-External-Oscillator
PH1/OSC_OUT.Signal=RCC_OSC_OUT
PH10.GPIOParameters=GPIO_PuPd,GPIO_Label
PH10.GPIO_Label=DRV_nRESET_C
PH10.GPIO_PuPd=GPIO_PULLDOWN
PH10.Locked=true
PH10.Signal=GPIO_Output
PH11.GPIOParameters=GPIO_PuPd,GPIO_Label
PH11.GPIO_Label=DRV_nRESET_D
PH11.GPIO_PuPd=GPIO_PULLDOWN
PH11.Locked=true
PH11.Signal=GPIO_Output
PH12.GPIOParameters=PinState,GPIO_PuPd,GPIO_Label
PH12.GPIO_Label=DRV_nENBL_A
PH12.GPIO_PuPd=GPIO_PULLUP
PH12.Locked=true
PH12.PinState=GPIO_PIN_SET
PH12.Signal=GPIO_Output
PH13.GPIOParameters=PinState,GPIO_PuPd,GPIO_Label
PH13.GPIO_Label=DRV_nENBL_B
PH13.GPIO_PuPd=GPIO_PULLUP
PH13.Locked=true
PH13.PinState=GPIO_PIN_SET
PH13.Signal=GPIO_Output
PH14.GPIOParameters=PinState,GPIO_PuPd,GPIO_Label
PH14.GPIO_Label=DRV_nENBL_C
PH14.GPIO_PuPd=GPIO_PULLUP
PH14.Locked=true
PH14.PinState=GPIO_PIN_SET
PH14.Signal=GPIO_Output
PH15.GPIOParameters=GPIO_Speed,PinState,GPIO_PuPd,GPIO_Label
PH15.GPIO_Label=DRV_nENBL_D
PH15.GPIO_PuPd=GPIO_PULLUP
PH15.GPIO_Speed=GPIO_SPEED_FREQ_LOW
PH15.Locked=true
PH15.PinState=GPIO_PIN_SET
PH15.Signal=GPIO_Output
PH2.GPIOParameters=PinState,GPIO_PuPd,GPIO_Label
PH2.GPIO_Label=DRV_MODE_0
PH2.GPIO_PuPd=GPIO_PULLUP
PH2.Locked=true
PH2.PinState=GPIO_PIN_SET
PH2.Signal=GPIO_Output
PH3.GPIOParameters=PinState,GPIO_PuPd,GPIO_Label
PH3.GPIO_Label=DRV_MODE_1
PH3.GPIO_PuPd=GPIO_PULLUP
PH3.Locked=true
PH3.PinState=GPIO_PIN_SET
PH3.Signal=GPIO_Output
PH4.GPIOParameters=PinState,GPIO_PuPd,GPIO_Label
PH4.GPIO_Label=DRV_MODE_2
PH4.GPIO_PuPd=GPIO_PULLUP
PH4.Locked=true
PH4.PinState=GPIO_PIN_SET
PH4.Signal=GPIO_Output
PH5.GPIOParameters=GPIO_Label
PH5.GPIO_Label=DRV_DECAY
PH5.Locked=true
PH5.Signal=GPIO_Output
PH8.GPIOParameters=GPIO_PuPd,GPIO_Label
PH8.GPIO_Label=DRV_nRESET_A
PH8.GPIO_PuPd=GPIO_PULLDOWN
PH8.Locked=true
PH8.Signal=GPIO_Output
PH9.GPIOParameters=GPIO_PuPd,GPIO_Label
PH9.GPIO_Label=DRV_nRESET_B
PH9.GPIO_PuPd=GPIO_PULLDOWN
PH9.Locked=true
PH9.Signal=GPIO_Output
PI0.GPIOParameters=GPIO_Speed,GPIO_Label
PI0.GPIO_Label=LED_SDO_A_0
PI0.GPIO_Speed=GPIO_SPEED_FREQ_LOW
PI0.Locked=true
PI0.Signal=GPIO_Output
PI1.GPIOParameters=GPIO_Speed,GPIO_Label
PI1.GPIO_Label=LED_SDO_A_1
PI1.GPIO_Speed=GPIO_SPEED_FREQ_LOW
PI1.Locked=true
PI1.Signal=GPIO_Output
PI10.GPIOParameters=GPIO_Speed,GPIO_Label
PI10.GPIO_Label=LED_SDO_B_2
PI10.GPIO_Speed=GPIO_SPEED_FREQ_LOW
PI10.Locked=true
PI10.Signal=GPIO_Output
PI11.GPIOParameters=GPIO_Speed,GPIO_Label
PI11.GPIO_Label=LED_SDO_B_3
PI11.GPIO_Speed=GPIO_SPEED_FREQ_LOW
PI11.Locked=true
PI11.Signal=GPIO_Output
PI12.GPIOParameters=GPIO_Speed,GPIO_Label
PI12.GPIO_Label=LED_SDO_B_4
PI12.GPIO_Speed=GPIO_SPEED_FREQ_LOW
PI12.Locked=true
PI12.Signal=GPIO_Output
PI13.GPIOParameters=GPIO_Speed,GPIO_Label
PI13.GPIO_Label=LED_SDO_B_5
PI13.GPIO_Speed=GPIO_SPEED_FREQ_LOW
PI13.Locked=true
PI13.Signal=GPIO_Output
PI14.GPIOParameters=GPIO_Speed,GPIO_Label
PI14.GPIO_Label=LED_SDO_B_6
PI14.GPIO_Speed=GPIO_SPEED_FREQ_LOW
PI14.Locked=true
PI14.Signal=GPIO_Output
PI15.GPIOParameters=GPIO_Speed,GPIO_Label
PI15.GPIO_Label=LED_SDO_B_7
PI15.GPIO_Speed=GPIO_SPEED_FREQ_LOW
PI15.Locked=true
PI15.Signal=GPIO_Output
PI2.GPIOParameters=GPIO_Speed,GPIO_Label
PI2.GPIO_Label=LED_SDO_A_2
PI2.GPIO_Speed=GPIO_SPEED_FREQ_LOW
PI2.Locked=true
PI2.Signal=GPIO_Output
PI3.GPIOParameters=GPIO_Speed,GPIO_Label
PI3.GPIO_Label=LED_SDO_A_3
PI3.GPIO_Speed=GPIO_SPEED_FREQ_LOW
PI3.Locked=true
PI3.Signal=GPIO_Output
PI4.GPIOParameters=GPIO_Speed,GPIO_Label
PI4.GPIO_Label=LED_SDO_A_4
PI4.GPIO_Speed=GPIO_SPEED_FREQ_LOW
PI4.Locked=true
PI4.Signal=GPIO_Output
PI5.GPIOParameters=GPIO_Speed,GPIO_Label
PI5.GPIO_Label=LED_SDO_A_5
PI5.GPIO_Speed=GPIO_SPEED_FREQ_LOW
PI5.Locked=true
PI5.Signal=GPIO_Output
PI6.GPIOParameters=GPIO_Speed,GPIO_Label
PI6.GPIO_Label=LED_SDO_A_6
PI6.GPIO_Speed=GPIO_SPEED_FREQ_LOW
PI6.Locked=true
PI6.Signal=GPIO_Output
PI7.GPIOParameters=GPIO_Speed,GPIO_Label
PI7.GPIO_Label=LED_SDO_A_7
PI7.GPIO_Speed=GPIO_SPEED_FREQ_LOW
PI7.Locked=true
PI7.Signal=GPIO_Output
PI8.GPIOParameters=GPIO_Speed,GPIO_Label
PI8.GPIO_Label=LED_SDO_B_0*
PI8.GPIO_Speed=GPIO_SPEED_FREQ_LOW
PI8.Locked=true
PI8.Signal=GPIO_Output
PI9.GPIOParameters=GPIO_Speed,GPIO_Label
PI9.GPIO_Label=LED_SDO_B_1
PI9.GPIO_Speed=GPIO_SPEED_FREQ_LOW
PI9.Locked=true
PI9.Signal=GPIO_Output
PJ0.GPIOParameters=GPIO_Speed,GPIO_Label
PJ0.GPIO_Label=LED_SDO_C_0
PJ0.GPIO_Speed=GPIO_SPEED_FREQ_LOW
PJ0.Locked=true
PJ0.Signal=GPIO_Output
PJ1.GPIOParameters=GPIO_Speed,GPIO_Label
PJ1.GPIO_Label=LED_SDO_C_1
PJ1.GPIO_Speed=GPIO_SPEED_FREQ_LOW
PJ1.Locked=true
PJ1.Signal=GPIO_Output
PJ10.GPIOParameters=GPIO_Speed,GPIO_Label
PJ10.GPIO_Label=LED_SDO_D_2
PJ10.GPIO_Speed=GPIO_SPEED_FREQ_LOW
PJ10.Locked=true
PJ10.Signal=GPIO_Output
PJ11.GPIOParameters=GPIO_Speed,GPIO_Label
PJ11.GPIO_Label=LED_SDO_D_3
PJ11.GPIO_Speed=GPIO_SPEED_FREQ_LOW
PJ11.Locked=true
PJ11.Signal=GPIO_Output
PJ12.GPIOParameters=GPIO_Speed,GPIO_Label
PJ12.GPIO_Label=LED_SDO_D_4
PJ12.GPIO_Speed=GPIO_SPEED_FREQ_LOW
PJ12.Locked=true
PJ12.Signal=GPIO_Output
PJ13.GPIOParameters=GPIO_Speed,GPIO_Label
PJ13.GPIO_Label=LED_SDO_D_5
PJ13.GPIO_Speed=GPIO_SPEED_FREQ_LOW
PJ13.Locked=true
PJ13.Signal=GPIO_Output
PJ14.GPIOParameters=GPIO_Speed,GPIO_Label
PJ14.GPIO_Label=LED_SDO_D_6
PJ14.GPIO_Speed=GPIO_SPEED_FREQ_LOW
PJ14.Locked=true
PJ14.Signal=GPIO_Output
PJ15.GPIOParameters=GPIO_Speed,GPIO_Label
PJ15.GPIO_Label=LED_SDO_D_7
PJ15.GPIO_Speed=GPIO_SPEED_FREQ_LOW
PJ15.Locked=true
PJ15.Signal=GPIO_Output
PJ2.GPIOParameters=GPIO_Speed,GPIO_Label
PJ2.GPIO_Label=LED_SDO_C_2
PJ2.GPIO_Speed=GPIO_SPEED_FREQ_LOW
PJ2.Locked=true
PJ2.Signal=GPIO_Output
PJ3.GPIOParameters=GPIO_Speed,GPIO_Label
PJ3.GPIO_Label=LED_SDO_C_3
PJ3.GPIO_Speed=GPIO_SPEED_FREQ_LOW
PJ3.Locked=true
PJ3.Signal=GPIO_Output
PJ4.GPIOParameters=GPIO_Speed,GPIO_Label
PJ4.GPIO_Label=LED_SDO_C_4
PJ4.GPIO_Speed=GPIO_SPEED_FREQ_LOW
PJ4.Locked=true
PJ4.Signal=GPIO_Output
PJ5.GPIOParameters=GPIO_Speed,GPIO_Label
PJ5.GPIO_Label=LED_SDO_C_5
PJ5.GPIO_Speed=GPIO_SPEED_FREQ_LOW
PJ5.Locked=true
PJ5.Signal=GPIO_Output
PJ6.GPIOParameters=GPIO_Speed,GPIO_Label
PJ6.GPIO_Label=LED_SDO_C_6
PJ6.GPIO_Speed=GPIO_SPEED_FREQ_LOW
PJ6.Locked=true
PJ6.Signal=GPIO_Output
PJ7.GPIOParameters=GPIO_Speed,GPIO_Label
PJ7.GPIO_Label=LED_SDO_C_7
PJ7.GPIO_Speed=GPIO_SPEED_FREQ_LOW
PJ7.Locked=true
PJ7.Signal=GPIO_Output
PJ8.GPIOParameters=GPIO_Speed,GPIO_Label
PJ8.GPIO_Label=LED_SDO_D_0
PJ8.GPIO_Speed=GPIO_SPEED_FREQ_LOW
PJ8.Locked=true
PJ8.Signal=GPIO_Output
PJ9.GPIOParameters=GPIO_Speed,GPIO_Label
PJ9.GPIO_Label=LED_SDO_D_1
PJ9.GPIO_Speed=GPIO_SPEED_FREQ_LOW
PJ9.Locked=true
PJ9.Signal=GPIO_Output
PK0.GPIOParameters=GPIO_PuPd,GPIO_Label,GPIO_Mode
PK0.GPIO_Label=BRD_ID_0
PK0.GPIO_Mode=GPIO_MODE_INPUT
PK0.GPIO_PuPd=GPIO_PULLUP
PK0.Locked=true
PK0.Signal=GPIO_Input
PK1.GPIOParameters=GPIO_PuPd,GPIO_Label,GPIO_Mode
PK1.GPIO_Label=BRD_ID_1
PK1.GPIO_Mode=GPIO_MODE_INPUT
PK1.GPIO_PuPd=GPIO_PULLUP
PK1.Locked=true
PK1.Signal=GPIO_Input
PK2.GPIOParameters=GPIO_PuPd,GPIO_Label,GPIO_Mode
PK2.GPIO_Label=BRD_ID_2
PK2.GPIO_Mode=GPIO_MODE_INPUT
PK2.GPIO_PuPd=GPIO_PULLUP
PK2.Locked=true
PK2.Signal=GPIO_Input
PK3.GPIOParameters=GPIO_PuPd,GPIO_Label,GPIO_Mode
PK3.GPIO_Label=BRD_ID_3
PK3.GPIO_Mode=GPIO_MODE_INPUT
PK3.GPIO_PuPd=GPIO_PULLUP
PK3.Locked=true
PK3.Signal=GPIO_Input
PK4.GPIOParameters=GPIO_PuPd,GPIO_Label,GPIO_Mode
PK4.GPIO_Label=BRD_ID_4
PK4.GPIO_Mode=GPIO_MODE_INPUT
PK4.GPIO_PuPd=GPIO_PULLUP
PK4.Locked=true
PK4.Signal=GPIO_Input
PK5.GPIOParameters=GPIO_PuPd,GPIO_Label,GPIO_Mode
PK5.GPIO_Label=BRD_ID_5
PK5.GPIO_Mode=GPIO_MODE_INPUT
PK5.GPIO_PuPd=GPIO_PULLUP
PK5.Locked=true
PK5.Signal=GPIO_Input
PK6.GPIOParameters=GPIO_PuPd,GPIO_Label,GPIO_Mode
PK6.GPIO_Label=BRD_ID_6
PK6.GPIO_Mode=GPIO_MODE_INPUT
PK6.GPIO_PuPd=GPIO_PULLUP
PK6.Locked=true
PK6.Signal=GPIO_Input
PK7.GPIOParameters=GPIO_PuPd,GPIO_Label,GPIO_Mode
PK7.GPIO_Label=BRD_ID_7
PK7.GPIO_Mode=GPIO_MODE_INPUT
PK7.GPIO_PuPd=GPIO_PULLUP
PK7.Locked=true
PK7.Signal=GPIO_Input
PinOutPanel.RotationAngle=0
ProjectManager.AskForMigrate=true
ProjectManager.BackupPrevious=false
ProjectManager.CompilerOptimize=6
ProjectManager.ComputerToolchain=false
ProjectManager.CoupleFile=false
ProjectManager.CustomerFirmwarePackage=
ProjectManager.DefaultFWLocation=true
ProjectManager.DeletePrevious=true
ProjectManager.DeviceId=STM32F765BITx
ProjectManager.FirmwarePackage=STM32Cube FW_F7 V1.12.0
ProjectManager.FreePins=false
ProjectManager.HalAssertFull=true
ProjectManager.HeapSize=0x200
ProjectManager.KeepUserCode=true
ProjectManager.LastFirmware=true
ProjectManager.LibraryCopy=0
ProjectManager.MainLocation=Src
ProjectManager.PreviousToolchain=
ProjectManager.ProjectBuild=false
ProjectManager.ProjectFileName=Emergence.ioc
ProjectManager.ProjectName=Emergence
ProjectManager.StackSize=0x400
ProjectManager.TargetToolchain=Makefile
ProjectManager.ToolChainLocation=
ProjectManager.UnderRoot=false
ProjectManager.functionlistsort=1-MX_GPIO_Init-GPIO-false-HAL-true,2-MX_DMA_Init-DMA-false-HAL-true,3-SystemClock_Config-RCC-false-HAL-false,4-MX_CORTEX_M7_Init-CORTEX_M7-false-HAL-true,5-MX_UART5_Init-UART5-false-HAL-true,6-MX_USB_DEVICE_Init-USB_DEVICE-false-HAL-true,7-MX_I2C1_Init-I2C1-false-HAL-true,8-MX_SPI2_Init-SPI2-false-HAL-true,9-MX_DAC_Init-DAC-false-HAL-true,10-MX_LWIP_Init-LWIP-false-HAL-true,11-MX_TIM1_Init-TIM1-false-HAL-true,12-MX_TIM2_Init-TIM2-false-HAL-true,13-MX_TIM5_Init-TIM5-false-HAL-true
RCC.AHBFreq_Value=200000000
RCC.APB1CLKDivider=RCC_HCLK_DIV4
RCC.APB1Freq_Value=50000000
RCC.APB1TimFreq_Value=100000000
RCC.APB2CLKDivider=RCC_HCLK_DIV2
RCC.APB2Freq_Value=100000000
RCC.APB2TimFreq_Value=200000000
RCC.CECFreq_Value=32786.88524590164
RCC.CortexFreq_Value=200000000
RCC.DFSDMAudioFreq_Value=96000000
RCC.DFSDMFreq_Value=100000000
RCC.EthernetFreq_Value=200000000
RCC.FCLKCortexFreq_Value=200000000
RCC.FamilyName=M
RCC.HCLKFreq_Value=200000000
RCC.HSE_VALUE=8000000
RCC.HSI_VALUE=16000000
RCC.I2C1CLockSelection=RCC_I2C1CLKSOURCE_HSI
RCC.I2C1Freq_Value=16000000
RCC.I2C2Freq_Value=50000000
RCC.I2C3Freq_Value=50000000
RCC.I2C4Freq_Value=50000000
RCC.I2SFreq_Value=50000000
RCC.IPParameters=AHBFreq_Value,APB1CLKDivider,APB1Freq_Value,APB1TimFreq_Value,APB2CLKDivider,APB2Freq_Value,APB2TimFreq_Value,CECFreq_Value,CortexFreq_Value,DFSDMAudioFreq_Value,DFSDMFreq_Value,EthernetFreq_Value,FCLKCortexFreq_Value,FamilyName,HCLKFreq_Value,HSE_VALUE,HSI_VALUE,I2C1CLockSelection,I2C1Freq_Value,I2C2Freq_Value,I2C3Freq_Value,I2C4Freq_Value,I2SFreq_Value,LPTIM1Freq_Value,LSE_VALUE,LSI_VALUE,MCO2PinFreq_Value,PLL48CLockSelection,PLLCLKFreq_Value,PLLI2SN,PLLI2SPCLKFreq_Value,PLLI2SQCLKFreq_Value,PLLI2SR,PLLI2SRCLKFreq_Value,PLLI2SRoutputFreq_Value,PLLM,PLLN,PLLQCLKFreq_Value,PLLQoutputFreq_Value,PLLRFreq_Value,PLLSAIN,PLLSAIP,PLLSAIPCLKFreq_Value,PLLSAIQCLKFreq_Value,PLLSAIRCLKFreq_Value,PLLSAIoutputFreq_Value,RCC_MCO2Source,RCC_MCODiv2,RNGFreq_Value,SAI1Freq_Value,SAI2Freq_Value,SDMMC2Freq_Value,SDMMCFreq_Value,SPDIFRXFreq_Value,SYSCLKFreq_VALUE,SYSCLKSource,UART4Freq_Value,UART5CLockSelection,UART5Freq_Value,UART7Freq_Value,UART8Freq_Value,USART1CLockSelection,USART1Freq_Value,USART2Freq_Value,USART3Freq_Value,USART6Freq_Value,USBFreq_Value,VCOI2SOutputFreq_Value,VCOInputFreq_Value,VCOOutputFreq_Value,VCOSAIOutputFreq_Value
RCC.LPTIM1Freq_Value=50000000
RCC.LSE_VALUE=32768
RCC.LSI_VALUE=32000
RCC.MCO2PinFreq_Value=25000000
RCC.PLL48CLockSelection=RCC_CLK48SOURCE_PLLSAIP
RCC.PLLCLKFreq_Value=200000000
RCC.PLLI2SN=100
RCC.PLLI2SPCLKFreq_Value=100000000
RCC.PLLI2SQCLKFreq_Value=100000000
RCC.PLLI2SR=4
RCC.PLLI2SRCLKFreq_Value=50000000
RCC.PLLI2SRoutputFreq_Value=50000000
RCC.PLLM=4
RCC.PLLN=200
RCC.PLLQCLKFreq_Value=200000000
RCC.PLLQoutputFreq_Value=200000000
RCC.PLLRFreq_Value=200000000
RCC.PLLSAIN=96
RCC.PLLSAIP=RCC_PLLSAIP_DIV4
RCC.PLLSAIPCLKFreq_Value=48000000
RCC.PLLSAIQCLKFreq_Value=96000000
RCC.PLLSAIRCLKFreq_Value=96000000
RCC.PLLSAIoutputFreq_Value=48000000
RCC.RCC_MCO2Source=RCC_MCO2SOURCE_PLLI2SCLK
RCC.RCC_MCODiv2=RCC_MCODIV_2
RCC.RNGFreq_Value=48000000
RCC.SAI1Freq_Value=96000000
RCC.SAI2Freq_Value=96000000
RCC.SDMMC2Freq_Value=200000000
RCC.SDMMCFreq_Value=200000000
RCC.SPDIFRXFreq_Value=100000000
RCC.SYSCLKFreq_VALUE=200000000
RCC.SYSCLKSource=RCC_SYSCLKSOURCE_PLLCLK
RCC.UART4Freq_Value=50000000
RCC.UART5CLockSelection=RCC_UART5CLKSOURCE_HSI
RCC.UART5Freq_Value=16000000
RCC.UART7Freq_Value=50000000
RCC.UART8Freq_Value=50000000
RCC.USART1CLockSelection=RCC_USART1CLKSOURCE_HSI
RCC.USART1Freq_Value=16000000
RCC.USART2Freq_Value=50000000
RCC.USART3Freq_Value=50000000
RCC.USART6Freq_Value=100000000
RCC.USBFreq_Value=48000000
RCC.VCOI2SOutputFreq_Value=200000000
RCC.VCOInputFreq_Value=2000000
RCC.VCOOutputFreq_Value=400000000
RCC.VCOSAIOutputFreq_Value=192000000
SH.COMP_DAC1_group.0=DAC_OUT1,DAC_OUT1
SH.COMP_DAC1_group.ConfNb=1
SH.COMP_DAC2_group.0=DAC_OUT2,DAC_OUT2
SH.COMP_DAC2_group.ConfNb=1
SH.GPXTI0.0=GPIO_EXTI0
SH.GPXTI0.ConfNb=1
SH.GPXTI10.0=GPIO_EXTI10
SH.GPXTI10.ConfNb=1
SH.GPXTI11.0=GPIO_EXTI11
SH.GPXTI11.ConfNb=1
SH.GPXTI12.0=GPIO_EXTI12
SH.GPXTI12.ConfNb=1
SH.GPXTI13.0=GPIO_EXTI13
SH.GPXTI13.ConfNb=1
SH.S_TIM2_CH1_ETR.0=TIM2_ETR,TriggerSource_ETR
SH.S_TIM2_CH1_ETR.ConfNb=1
SH.S_TIM5_CH4.0=TIM5_CH4,PWM Generation4 CH4
SH.S_TIM5_CH4.ConfNb=1
SPI2.BaudRatePrescaler=SPI_BAUDRATEPRESCALER_2
SPI2.CalculateBaudRate=25.0 MBits/s
SPI2.DataSize=SPI_DATASIZE_8BIT
SPI2.Direction=SPI_DIRECTION_2LINES
SPI2.IPParameters=VirtualType,Mode,Direction,CalculateBaudRate,VirtualNSS,DataSize,BaudRatePrescaler
SPI2.Mode=SPI_MODE_MASTER
SPI2.VirtualNSS=VM_NSSHARD
SPI2.VirtualType=VM_MASTER
TIM1.Channel-Output\ Compare1\ No\ Output=TIM_CHANNEL_1
TIM1.Channel-Output\ Compare3\ No\ Output=TIM_CHANNEL_3
TIM1.IPParameters=Channel-Output Compare1 No Output,Channel-Output Compare3 No Output,Prescaler,Period
TIM1.Period=31
TIM1.Prescaler=1
TIM5.Channel-PWM\ Generation4\ CH4=TIM_CHANNEL_4
TIM5.IPParameters=Channel-PWM Generation4 CH4
UART5.AutoBaudRateEnableParam=UART_ADVFEATURE_AUTOBAUDRATE_DISABLE
UART5.IPParameters=WordLength,Mode,AutoBaudRateEnableParam
UART5.Mode=MODE_TX_RX
UART5.WordLength=WORDLENGTH_8B
USB_DEVICE.CLASS_NAME_FS=CDC
USB_DEVICE.IPParameters=VirtualMode-CDC_FS,VirtualModeFS,CLASS_NAME_FS,USBD_DEBUG_LEVEL-CDC_FS,SERIALNUMBER_STRING_CDC_FS,MANUFACTURER_STRING-CDC_FS,PRODUCT_STRING_CDC_FS,VID-CDC_FS,PID_CDC_FS
USB_DEVICE.MANUFACTURER_STRING-CDC_FS=Emergence
USB_DEVICE.PID_CDC_FS=0x5740
USB_DEVICE.PRODUCT_STRING_CDC_FS=Emergence VCP
USB_DEVICE.SERIALNUMBER_STRING_CDC_FS=000000000000
USB_DEVICE.USBD_DEBUG_LEVEL-CDC_FS=2
USB_DEVICE.VID-CDC_FS=0x0483
USB_DEVICE.VirtualMode-CDC_FS=Cdc
USB_DEVICE.VirtualModeFS=Cdc_FS
USB_OTG_FS.IPParameters=VirtualMode
USB_OTG_FS.VirtualMode=Device_Only
VP_LWIP_VS_Enabled.Mode=Enabled
VP_LWIP_VS_Enabled.Signal=LWIP_VS_Enabled
VP_SYS_VS_Systick.Mode=SysTick
VP_SYS_VS_Systick.Signal=SYS_VS_Systick
VP_TIM1_VS_ClockSourceINT.Mode=Internal
VP_TIM1_VS_ClockSourceINT.Signal=TIM1_VS_ClockSourceINT
VP_TIM1_VS_no_output1.Mode=Output Compare1 No Output
VP_TIM1_VS_no_output1.Signal=TIM1_VS_no_output1
VP_TIM1_VS_no_output3.Mode=Output Compare3 No Output
VP_TIM1_VS_no_output3.Signal=TIM1_VS_no_output3
VP_TIM2_VS_ClockSourceINT.Mode=Internal
VP_TIM2_VS_ClockSourceINT.Signal=TIM2_VS_ClockSourceINT
VP_TIM2_VS_ControllerModeTrigger.Mode=Trigger Mode
VP_TIM2_VS_ControllerModeTrigger.Signal=TIM2_VS_ControllerModeTrigger
VP_TIM5_VS_ClockSourceINT.Mode=Internal
VP_TIM5_VS_ClockSourceINT.Signal=TIM5_VS_ClockSourceINT
VP_USB_DEVICE_VS_USB_DEVICE_CDC_FS.Mode=CDC_FS
VP_USB_DEVICE_VS_USB_DEVICE_CDC_FS.Signal=USB_DEVICE_VS_USB_DEVICE_CDC_FS
board=Emergence
